
Microsoft Visual Studio Solution File, Format Version 12.00
# Visual Studio Version 17
VisualStudioVersion = 17.13.35913.81 d17.13
MinimumVisualStudioVersion = 10.0.40219.1
Project("{FAE04EC0-301F-11D3-BF4B-00C04F79EFBC}") = "WinUINotes", "WinUINotes\WinUINotes.csproj", "{990120FA-190F-4504-9D2B-FEE688B16A56}"
EndProject
Global
	GlobalSection(SolutionConfigurationPlatforms) = preSolution
		Debug|ARM64 = Debug|ARM64
		Debug|x64 = Debug|x64
		Debug|x86 = Debug|x86
		Release|ARM64 = Release|ARM64
		Release|x64 = Release|x64
		Release|x86 = Release|x86
	EndGlobalSection
	GlobalSection(ProjectConfigurationPlatforms) = postSolution
		{990120FA-190F-4504-9D2B-FEE688B16A56}.Debug|ARM64.ActiveCfg = Debug|ARM64
		{990120FA-190F-4504-9D2B-FEE688B16A56}.Debug|ARM64.Build.0 = Debug|ARM64
		{990120FA-190F-4504-9D2B-FEE688B16A56}.Debug|ARM64.Deploy.0 = Debug|ARM64
		{990120FA-190F-4504-9D2B-FEE688B16A56}.Debug|x64.ActiveCfg = Debug|x64
		{990120FA-190F-4504-9D2B-FEE688B16A56}.Debug|x64.Build.0 = Debug|x64
		{990120FA-190F-4504-9D2B-FEE688B16A56}.Debug|x64.Deploy.0 = Debug|x64
		{990120FA-190F-4504-9D2B-FEE688B16A56}.Debug|x86.ActiveCfg = Debug|x86
		{990120FA-190F-4504-9D2B-FEE688B16A56}.Debug|x86.Build.0 = Debug|x86
		{990120FA-190F-4504-9D2B-FEE688B16A56}.Debug|x86.Deploy.0 = Debug|x86
		{990120FA-190F-4504-9D2B-FEE688B16A56}.Release|ARM64.ActiveCfg = Release|ARM64
		{990120FA-190F-4504-9D2B-FEE688B16A56}.Release|ARM64.Build.0 = Release|ARM64
		{990120FA-190F-4504-9D2B-FEE688B16A56}.Release|ARM64.Deploy.0 = Release|ARM64
		{990120FA-190F-4504-9D2B-FEE688B16A56}.Release|x64.ActiveCfg = Release|x64
		{990120FA-190F-4504-9D2B-FEE688B16A56}.Release|x64.Build.0 = Release|x64
		{990120FA-190F-4504-9D2B-FEE688B16A56}.Release|x64.Deploy.0 = Release|x64
		{990120FA-190F-4504-9D2B-FEE688B16A56}.Release|x86.ActiveCfg = Release|x86
		{990120FA-190F-4504-9D2B-FEE688B16A56}.Release|x86.Build.0 = Release|x86
		{990120FA-190F-4504-9D2B-FEE688B16A56}.Release|x86.Deploy.0 = Release|x86
	EndGlobalSection
	GlobalSection(SolutionProperties) = preSolution
		HideSolutionNode = FALSE
	EndGlobalSection
	GlobalSection(ExtensibilityGlobals) = postSolution
		SolutionGuid = {CA16B160-2C84-48AE-A871-93F918037E3E}
	EndGlobalSection
EndGlobal
